
Microsoft Visual Studio Solution File, Format Version 11.00
# Visual Studio 2010
Project("{FAE04EC0-301F-11D3-BF4B-00C04F79EFBC}") = "dnp.SampleWebApi", "dnp.SampleWebApi\dnp.SampleWebApi.csproj", "{E5282081-F201-4ECC-977B-0420EB4C1239}"
EndProject
Project("{FAE04EC0-301F-11D3-BF4B-00C04F79EFBC}") = "dnp.SampleWebApi.Console", "dnp.SampleWebApi.Console\dnp.SampleWebApi.Console.csproj", "{0703E483-2835-4318-8FBA-091E8471C49A}"
EndProject
Global
	GlobalSection(SolutionConfigurationPlatforms) = preSolution
		Debug|Any CPU = Debug|Any CPU
		Debug|Mixed Platforms = Debug|Mixed Platforms
		Debug|x86 = Debug|x86
		Release|Any CPU = Release|Any CPU
		Release|Mixed Platforms = Release|Mixed Platforms
		Release|x86 = Release|x86
	EndGlobalSection
	GlobalSection(ProjectConfigurationPlatforms) = postSolution
		{E5282081-F201-4ECC-977B-0420EB4C1239}.Debug|Any CPU.ActiveCfg = Debug|Any CPU
		{E5282081-F201-4ECC-977B-0420EB4C1239}.Debug|Any CPU.Build.0 = Debug|Any CPU
		{E5282081-F201-4ECC-977B-0420EB4C1239}.Debug|Mixed Platforms.ActiveCfg = Debug|Any CPU
		{E5282081-F201-4ECC-977B-0420EB4C1239}.Debug|Mixed Platforms.Build.0 = Debug|Any CPU
		{E5282081-F201-4ECC-977B-0420EB4C1239}.Debug|x86.ActiveCfg = Debug|Any CPU
		{E5282081-F201-4ECC-977B-0420EB4C1239}.Release|Any CPU.ActiveCfg = Release|Any CPU
		{E5282081-F201-4ECC-977B-0420EB4C1239}.Release|Any CPU.Build.0 = Release|Any CPU
		{E5282081-F201-4ECC-977B-0420EB4C1239}.Release|Mixed Platforms.ActiveCfg = Release|Any CPU
		{E5282081-F201-4ECC-977B-0420EB4C1239}.Release|Mixed Platforms.Build.0 = Release|Any CPU
		{E5282081-F201-4ECC-977B-0420EB4C1239}.Release|x86.ActiveCfg = Release|Any CPU
		{0703E483-2835-4318-8FBA-091E8471C49A}.Debug|Any CPU.ActiveCfg = Debug|x86
		{0703E483-2835-4318-8FBA-091E8471C49A}.Debug|Mixed Platforms.ActiveCfg = Debug|x86
		{0703E483-2835-4318-8FBA-091E8471C49A}.Debug|Mixed Platforms.Build.0 = Debug|x86
		{0703E483-2835-4318-8FBA-091E8471C49A}.Debug|x86.ActiveCfg = Debug|x86
		{0703E483-2835-4318-8FBA-091E8471C49A}.Debug|x86.Build.0 = Debug|x86
		{0703E483-2835-4318-8FBA-091E8471C49A}.Release|Any CPU.ActiveCfg = Release|x86
		{0703E483-2835-4318-8FBA-091E8471C49A}.Release|Mixed Platforms.ActiveCfg = Release|x86
		{0703E483-2835-4318-8FBA-091E8471C49A}.Release|Mixed Platforms.Build.0 = Release|x86
		{0703E483-2835-4318-8FBA-091E8471C49A}.Release|x86.ActiveCfg = Release|x86
		{0703E483-2835-4318-8FBA-091E8471C49A}.Release|x86.Build.0 = Release|x86
	EndGlobalSection
	GlobalSection(SolutionProperties) = preSolution
		HideSolutionNode = FALSE
	EndGlobalSection
EndGlobal
